# This file is autogenerated, do not edit; changes may be undone by the next 'dep ensure'.


[[projects]]
  branch = "master"
  digest = "1:a6609679ca468a89b711934f16b346e99f6ec344eadd2f7b00b1156785dd1236"
  name = "github.com/benlaurie/objecthash"
  packages = ["go/objecthash"]
  pruneopts = "UT"
  revision = "d1e3d6079fc16f8f542183fb5b2fdc11d9f00866"

[[projects]]
  digest = "1:b03bcbc7bec056ed09ede2374e4b4b5678668da0e168bb6ce9efe6155917656c"
  name = "github.com/golang/protobuf"
  packages = [
    "proto",
    "ptypes/any",
    "ptypes/duration",
    "ptypes/struct",
    "ptypes/timestamp",
    "ptypes/wrappers",
  ]
  pruneopts = "UT"
  revision = "b4deda0973fb4c70b50d226b1af49f3da59f5265"
  version = "v1.1.0"

[solve-meta]
  analyzer-name = "dep"
  analyzer-version = 1
  input-imports = [
    "github.com/benlaurie/objecthash/go/objecthash",
    "github.com/golang/protobuf/proto",
    "github.com/golang/protobuf/ptypes/any",
    "github.com/golang/protobuf/ptypes/duration",
    "github.com/golang/protobuf/ptypes/struct",
    "github.com/golang/protobuf/ptypes/timestamp",
    "github.com/golang/protobuf/ptypes/wrappers",
  ]
  solver-name = "gps-cdcl"
  solver-version = 1
